
Microsoft Visual Studio Solution File, Format Version 12.00
# Visual Studio 2013
VisualStudioVersion = 12.0.21005.1
MinimumVisualStudioVersion = 10.0.40219.1
Project("{FAE04EC0-301F-11D3-BF4B-00C04F79EFBC}") = "FBDMaker", "FBDMaker\FBDMaker.csproj", "{34E67550-5283-40AB-90FE-292F24AD1529}"
EndProject
Project("{FAE04EC0-301F-11D3-BF4B-00C04F79EFBC}") = "FB2Library", "..\fb2librarynet\FB2Library.csproj", "{4DEC5888-E71A-4D00-93B7-7F11C92D0A3F}"
EndProject
Global
	GlobalSection(SolutionConfigurationPlatforms) = preSolution
		Debug|Any CPU = Debug|Any CPU
		Debug|Mixed Platforms = Debug|Mixed Platforms
		Debug|x86 = Debug|x86
		Release|Any CPU = Release|Any CPU
		Release|Mixed Platforms = Release|Mixed Platforms
		Release|x86 = Release|x86
	EndGlobalSection
	GlobalSection(ProjectConfigurationPlatforms) = postSolution
		{34E67550-5283-40AB-90FE-292F24AD1529}.Debug|Any CPU.ActiveCfg = Debug|x86
		{34E67550-5283-40AB-90FE-292F24AD1529}.Debug|Mixed Platforms.ActiveCfg = Debug|x86
		{34E67550-5283-40AB-90FE-292F24AD1529}.Debug|Mixed Platforms.Build.0 = Debug|x86
		{34E67550-5283-40AB-90FE-292F24AD1529}.Debug|x86.ActiveCfg = Debug|x86
		{34E67550-5283-40AB-90FE-292F24AD1529}.Debug|x86.Build.0 = Debug|x86
		{34E67550-5283-40AB-90FE-292F24AD1529}.Release|Any CPU.ActiveCfg = Release|x86
		{34E67550-5283-40AB-90FE-292F24AD1529}.Release|Mixed Platforms.ActiveCfg = Release|x86
		{34E67550-5283-40AB-90FE-292F24AD1529}.Release|Mixed Platforms.Build.0 = Release|x86
		{34E67550-5283-40AB-90FE-292F24AD1529}.Release|x86.ActiveCfg = Release|x86
		{34E67550-5283-40AB-90FE-292F24AD1529}.Release|x86.Build.0 = Release|x86
		{4DEC5888-E71A-4D00-93B7-7F11C92D0A3F}.Debug|Any CPU.ActiveCfg = Debug|Any CPU
		{4DEC5888-E71A-4D00-93B7-7F11C92D0A3F}.Debug|Any CPU.Build.0 = Debug|Any CPU
		{4DEC5888-E71A-4D00-93B7-7F11C92D0A3F}.Debug|Mixed Platforms.ActiveCfg = Debug|Any CPU
		{4DEC5888-E71A-4D00-93B7-7F11C92D0A3F}.Debug|Mixed Platforms.Build.0 = Debug|Any CPU
		{4DEC5888-E71A-4D00-93B7-7F11C92D0A3F}.Debug|x86.ActiveCfg = Debug|Any CPU
		{4DEC5888-E71A-4D00-93B7-7F11C92D0A3F}.Release|Any CPU.ActiveCfg = Release|Any CPU
		{4DEC5888-E71A-4D00-93B7-7F11C92D0A3F}.Release|Any CPU.Build.0 = Release|Any CPU
		{4DEC5888-E71A-4D00-93B7-7F11C92D0A3F}.Release|Mixed Platforms.ActiveCfg = Release|Any CPU
		{4DEC5888-E71A-4D00-93B7-7F11C92D0A3F}.Release|Mixed Platforms.Build.0 = Release|Any CPU
		{4DEC5888-E71A-4D00-93B7-7F11C92D0A3F}.Release|x86.ActiveCfg = Release|Any CPU
	EndGlobalSection
	GlobalSection(SolutionProperties) = preSolution
		HideSolutionNode = FALSE
	EndGlobalSection
EndGlobal
